// !$*UTF8*$!
{
	archiveVersion = 1;
	classes = {
	};
	objectVersion = 56;
	objects = {

/* Begin PBXBuildFile section */
		44915FC22CD3AB0300B86BE8 /* main.cpp in Sources */ = {isa = PBXBuildFile; fileRef = 44915FC12CD3AB0300B86BE8 /* main.cpp */; };
		44915FD72CD3ABB600B86BE8 /* Suite.cpp in Sources */ = {isa = PBXBuildFile; fileRef = 44915FC82CD3ABB500B86BE8 /* Suite.cpp */; };
		44915FD82CD3ABB600B86BE8 /* Test.cpp in Sources */ = {isa = PBXBuildFile; fileRef = 44915FCA2CD3ABB500B86BE8 /* Test.cpp */; };
		44915FD92CD3ABB600B86BE8 /* StoreTest.cpp in Sources */ = {isa = PBXBuildFile; fileRef = 44915FD02CD3ABB500B86BE8 /* StoreTest.cpp */; };
		44915FDA2CD3ABB600B86BE8 /* Store.cpp in Sources */ = {isa = PBXBuildFile; fileRef = 44915FD42CD3ABB600B86BE8 /* Store.cpp */; };
/* End PBXBuildFile section */

/* Begin PBXCopyFilesBuildPhase section */
		44915FBC2CD3AB0300B86BE8 /* CopyFiles */ = {
			isa = PBXCopyFilesBuildPhase;
			buildActionMask = 2147483647;
			dstPath = /usr/share/man/man1/;
			dstSubfolderSpec = 0;
			files = (
			);
			runOnlyForDeploymentPostprocessing = 1;
		};
/* End PBXCopyFilesBuildPhase section */

/* Begin PBXFileReference section */
		44915FBE2CD3AB0300B86BE8 /* cv06_store */ = {isa = PBXFileReference; explicitFileType = "compiled.mach-o.executable"; includeInIndex = 0; path = cv06_store; sourceTree = BUILT_PRODUCTS_DIR; };
		44915FC12CD3AB0300B86BE8 /* main.cpp */ = {isa = PBXFileReference; lastKnownFileType = sourcecode.cpp.cpp; path = main.cpp; sourceTree = "<group>"; };
		44915FC82CD3ABB500B86BE8 /* Suite.cpp */ = {isa = PBXFileReference; fileEncoding = 4; lastKnownFileType = sourcecode.cpp.cpp; path = Suite.cpp; sourceTree = "<group>"; };
		44915FC92CD3ABB500B86BE8 /* Suite.h */ = {isa = PBXFileReference; fileEncoding = 4; lastKnownFileType = sourcecode.c.h; path = Suite.h; sourceTree = "<group>"; };
		44915FCA2CD3ABB500B86BE8 /* Test.cpp */ = {isa = PBXFileReference; fileEncoding = 4; lastKnownFileType = sourcecode.cpp.cpp; path = Test.cpp; sourceTree = "<group>"; };
		44915FCB2CD3ABB500B86BE8 /* Test.h */ = {isa = PBXFileReference; fileEncoding = 4; lastKnownFileType = sourcecode.c.h; path = Test.h; sourceTree = "<group>"; };
		44915FCE2CD3ABB500B86BE8 /* CustomerException.h */ = {isa = PBXFileReference; fileEncoding = 4; lastKnownFileType = sourcecode.c.h; path = CustomerException.h; sourceTree = "<group>"; };
		44915FCF2CD3ABB500B86BE8 /* Store.h */ = {isa = PBXFileReference; fileEncoding = 4; lastKnownFileType = sourcecode.c.h; path = Store.h; sourceTree = "<group>"; };
		44915FD02CD3ABB500B86BE8 /* StoreTest.cpp */ = {isa = PBXFileReference; fileEncoding = 4; lastKnownFileType = sourcecode.cpp.cpp; path = StoreTest.cpp; sourceTree = "<group>"; };
		44915FD12CD3ABB500B86BE8 /* StoreTest.hpp */ = {isa = PBXFileReference; fileEncoding = 4; lastKnownFileType = sourcecode.cpp.h; path = StoreTest.hpp; sourceTree = "<group>"; };
		44915FD22CD3ABB500B86BE8 /* StoreException.h */ = {isa = PBXFileReference; fileEncoding = 4; lastKnownFileType = sourcecode.c.h; path = StoreException.h; sourceTree = "<group>"; };
		44915FD32CD3ABB500B86BE8 /* Customer.h */ = {isa = PBXFileReference; fileEncoding = 4; lastKnownFileType = sourcecode.c.h; path = Customer.h; sourceTree = "<group>"; };
		44915FD42CD3ABB600B86BE8 /* Store.cpp */ = {isa = PBXFileReference; fileEncoding = 4; lastKnownFileType = sourcecode.cpp.cpp; path = Store.cpp; sourceTree = "<group>"; };
		44915FD52CD3ABB600B86BE8 /* Item.h */ = {isa = PBXFileReference; fileEncoding = 4; lastKnownFileType = sourcecode.c.h; path = Item.h; sourceTree = "<group>"; };
		44915FD62CD3ABB600B86BE8 /* Order.h */ = {isa = PBXFileReference; fileEncoding = 4; lastKnownFileType = sourcecode.c.h; path = Order.h; sourceTree = "<group>"; };
/* End PBXFileReference section */

/* Begin PBXFrameworksBuildPhase section */
		44915FBB2CD3AB0300B86BE8 /* Frameworks */ = {
			isa = PBXFrameworksBuildPhase;
			buildActionMask = 2147483647;
			files = (
			);
			runOnlyForDeploymentPostprocessing = 0;
		};
/* End PBXFrameworksBuildPhase section */

/* Begin PBXGroup section */
		44915FB52CD3AB0300B86BE8 = {
			isa = PBXGroup;
			children = (
				44915FC02CD3AB0300B86BE8 /* cv06_store */,
				44915FBF2CD3AB0300B86BE8 /* Products */,
			);
			sourceTree = "<group>";
		};
		44915FBF2CD3AB0300B86BE8 /* Products */ = {
			isa = PBXGroup;
			children = (
				44915FBE2CD3AB0300B86BE8 /* cv06_store */,
			);
			name = Products;
			sourceTree = "<group>";
		};
		44915FC02CD3AB0300B86BE8 /* cv06_store */ = {
			isa = PBXGroup;
			children = (
				44915FD32CD3ABB500B86BE8 /* Customer.h */,
				44915FCE2CD3ABB500B86BE8 /* CustomerException.h */,
				44915FD52CD3ABB600B86BE8 /* Item.h */,
				44915FD62CD3ABB600B86BE8 /* Order.h */,
				44915FD42CD3ABB600B86BE8 /* Store.cpp */,
				44915FCF2CD3ABB500B86BE8 /* Store.h */,
				44915FD22CD3ABB500B86BE8 /* StoreException.h */,
				44915FD02CD3ABB500B86BE8 /* StoreTest.cpp */,
				44915FD12CD3ABB500B86BE8 /* StoreTest.hpp */,
				44915FCC2CD3ABB500B86BE8 /* TestSuite */,
				44915FC12CD3AB0300B86BE8 /* main.cpp */,
			);
			path = cv06_store;
			sourceTree = "<group>";
		};
		44915FCC2CD3ABB500B86BE8 /* TestSuite */ = {
			isa = PBXGroup;
			children = (
				44915FC82CD3ABB500B86BE8 /* Suite.cpp */,
				44915FC92CD3ABB500B86BE8 /* Suite.h */,
				44915FCA2CD3ABB500B86BE8 /* Test.cpp */,
				44915FCB2CD3ABB500B86BE8 /* Test.h */,
			);
			path = TestSuite;
			sourceTree = "<group>";
		};
/* End PBXGroup section */

/* Begin PBXNativeTarget section */
		44915FBD2CD3AB0300B86BE8 /* cv06_store */ = {
			isa = PBXNativeTarget;
			buildConfigurationList = 44915FC52CD3AB0300B86BE8 /* Build configuration list for PBXNativeTarget "cv06_store" */;
			buildPhases = (
				44915FBA2CD3AB0300B86BE8 /* Sources */,
				44915FBB2CD3AB0300B86BE8 /* Frameworks */,
				44915FBC2CD3AB0300B86BE8 /* CopyFiles */,
			);
			buildRules = (
			);
			dependencies = (
			);
			name = cv06_store;
			productName = cv06_store;
			productReference = 44915FBE2CD3AB0300B86BE8 /* cv06_store */;
			productType = "com.apple.product-type.tool";
		};
/* End PBXNativeTarget section */

/* Begin PBXProject section */
		44915FB62CD3AB0300B86BE8 /* Project object */ = {
			isa = PBXProject;
			attributes = {
				BuildIndependentTargetsInParallel = 1;
				LastUpgradeCheck = 1540;
				TargetAttributes = {
					44915FBD2CD3AB0300B86BE8 = {
						CreatedOnToolsVersion = 15.4;
					};
				};
			};
			buildConfigurationList = 44915FB92CD3AB0300B86BE8 /* Build configuration list for PBXProject "cv06_store" */;
			compatibilityVersion = "Xcode 14.0";
			developmentRegion = en;
			hasScannedForEncodings = 0;
			knownRegions = (
				en,
				Base,
			);
			mainGroup = 44915FB52CD3AB0300B86BE8;
			productRefGroup = 44915FBF2CD3AB0300B86BE8 /* Products */;
			projectDirPath = "";
			projectRoot = "";
			targets = (
				44915FBD2CD3AB0300B86BE8 /* cv06_store */,
			);
		};
/* End PBXProject section */

/* Begin PBXSourcesBuildPhase section */
		44915FBA2CD3AB0300B86BE8 /* Sources */ = {
			isa = PBXSourcesBuildPhase;
			buildActionMask = 2147483647;
			files = (
				44915FD82CD3ABB600B86BE8 /* Test.cpp in Sources */,
				44915FD72CD3ABB600B86BE8 /* Suite.cpp in Sources */,
				44915FDA2CD3ABB600B86BE8 /* Store.cpp in Sources */,
				44915FC22CD3AB0300B86BE8 /* main.cpp in Sources */,
				44915FD92CD3ABB600B86BE8 /* StoreTest.cpp in Sources */,
			);
			runOnlyForDeploymentPostprocessing = 0;
		};
/* End PBXSourcesBuildPhase section */

/* Begin XCBuildConfiguration section */
		44915FC32CD3AB0300B86BE8 /* Debug */ = {
			isa = XCBuildConfiguration;
			buildSettings = {
				ALWAYS_SEARCH_USER_PATHS = NO;
				ASSETCATALOG_COMPILER_GENERATE_SWIFT_ASSET_SYMBOL_EXTENSIONS = YES;
				CLANG_ANALYZER_NONNULL = YES;
				CLANG_ANALYZER_NUMBER_OBJECT_CONVERSION = YES_AGGRESSIVE;
				CLANG_CXX_LANGUAGE_STANDARD = "gnu++20";
				CLANG_ENABLE_MODULES = YES;
				CLANG_ENABLE_OBJC_ARC = YES;
				CLANG_ENABLE_OBJC_WEAK = YES;
				CLANG_WARN_BLOCK_CAPTURE_AUTORELEASING = YES;
				CLANG_WARN_BOOL_CONVERSION = YES;
				CLANG_WARN_COMMA = YES;
				CLANG_WARN_CONSTANT_CONVERSION = YES;
				CLANG_WARN_DEPRECATED_OBJC_IMPLEMENTATIONS = YES;
				CLANG_WARN_DIRECT_OBJC_ISA_USAGE = YES_ERROR;
				CLANG_WARN_DOCUMENTATION_COMMENTS = YES;
				CLANG_WARN_EMPTY_BODY = YES;
				CLANG_WARN_ENUM_CONVERSION = YES;
				CLANG_WARN_INFINITE_RECURSION = YES;
				CLANG_WARN_INT_CONVERSION = YES;
				CLANG_WARN_NON_LITERAL_NULL_CONVERSION = YES;
				CLANG_WARN_OBJC_IMPLICIT_RETAIN_SELF = YES;
				CLANG_WARN_OBJC_LITERAL_CONVERSION = YES;
				CLANG_WARN_OBJC_ROOT_CLASS = YES_ERROR;
				CLANG_WARN_QUOTED_INCLUDE_IN_FRAMEWORK_HEADER = YES;
				CLANG_WARN_RANGE_LOOP_ANALYSIS = YES;
				CLANG_WARN_STRICT_PROTOTYPES = YES;
				CLANG_WARN_SUSPICIOUS_MOVE = YES;
				CLANG_WARN_UNGUARDED_AVAILABILITY = YES_AGGRESSIVE;
				CLANG_WARN_UNREACHABLE_CODE = YES;
				CLANG_WARN__DUPLICATE_METHOD_MATCH = YES;
				COPY_PHASE_STRIP = NO;
				DEBUG_INFORMATION_FORMAT = dwarf;
				ENABLE_STRICT_OBJC_MSGSEND = YES;
				ENABLE_TESTABILITY = YES;
				ENABLE_USER_SCRIPT_SANDBOXING = YES;
				GCC_C_LANGUAGE_STANDARD = gnu17;
				GCC_DYNAMIC_NO_PIC = NO;
				GCC_NO_COMMON_BLOCKS = YES;
				GCC_OPTIMIZATION_LEVEL = 0;
				GCC_PREPROCESSOR_DEFINITIONS = (
					"DEBUG=1",
					"$(inherited)",
				);
				GCC_WARN_64_TO_32_BIT_CONVERSION = YES;
				GCC_WARN_ABOUT_RETURN_TYPE = YES_ERROR;
				GCC_WARN_UNDECLARED_SELECTOR = YES;
				GCC_WARN_UNINITIALIZED_AUTOS = YES_AGGRESSIVE;
				GCC_WARN_UNUSED_FUNCTION = YES;
				GCC_WARN_UNUSED_VARIABLE = YES;
				LOCALIZATION_PREFERS_STRING_CATALOGS = YES;
				MACOSX_DEPLOYMENT_TARGET = 14.5;
				MTL_ENABLE_DEBUG_INFO = INCLUDE_SOURCE;
				MTL_FAST_MATH = YES;
				ONLY_ACTIVE_ARCH = YES;
				SDKROOT = macosx;
			};
			name = Debug;
		};
		44915FC42CD3AB0300B86BE8 /* Release */ = {
			isa = XCBuildConfiguration;
			buildSettings = {
				ALWAYS_SEARCH_USER_PATHS = NO;
				ASSETCATALOG_COMPILER_GENERATE_SWIFT_ASSET_SYMBOL_EXTENSIONS = YES;
				CLANG_ANALYZER_NONNULL = YES;
				CLANG_ANALYZER_NUMBER_OBJECT_CONVERSION = YES_AGGRESSIVE;
				CLANG_CXX_LANGUAGE_STANDARD = "gnu++20";
				CLANG_ENABLE_MODULES = YES;
				CLANG_ENABLE_OBJC_ARC = YES;
				CLANG_ENABLE_OBJC_WEAK = YES;
				CLANG_WARN_BLOCK_CAPTURE_AUTORELEASING = YES;
				CLANG_WARN_BOOL_CONVERSION = YES;
				CLANG_WARN_COMMA = YES;
				CLANG_WARN_CONSTANT_CONVERSION = YES;
				CLANG_WARN_DEPRECATED_OBJC_IMPLEMENTATIONS = YES;
				CLANG_WARN_DIRECT_OBJC_ISA_USAGE = YES_ERROR;
				CLANG_WARN_DOCUMENTATION_COMMENTS = YES;
				CLANG_WARN_EMPTY_BODY = YES;
				CLANG_WARN_ENUM_CONVERSION = YES;
				CLANG_WARN_INFINITE_RECURSION = YES;
				CLANG_WARN_INT_CONVERSION = YES;
				CLANG_WARN_NON_LITERAL_NULL_CONVERSION = YES;
				CLANG_WARN_OBJC_IMPLICIT_RETAIN_SELF = YES;
				CLANG_WARN_OBJC_LITERAL_CONVERSION = YES;
				CLANG_WARN_OBJC_ROOT_CLASS = YES_ERROR;
				CLANG_WARN_QUOTED_INCLUDE_IN_FRAMEWORK_HEADER = YES;
				CLANG_WARN_RANGE_LOOP_ANALYSIS = YES;
				CLANG_WARN_STRICT_PROTOTYPES = YES;
				CLANG_WARN_SUSPICIOUS_MOVE = YES;
				CLANG_WARN_UNGUARDED_AVAILABILITY = YES_AGGRESSIVE;
				CLANG_WARN_UNREACHABLE_CODE = YES;
				CLANG_WARN__DUPLICATE_METHOD_MATCH = YES;
				COPY_PHASE_STRIP = NO;
				DEBUG_INFORMATION_FORMAT = "dwarf-with-dsym";
				ENABLE_NS_ASSERTIONS = NO;
				ENABLE_STRICT_OBJC_MSGSEND = YES;
				ENABLE_USER_SCRIPT_SANDBOXING = YES;
				GCC_C_LANGUAGE_STANDARD = gnu17;
				GCC_NO_COMMON_BLOCKS = YES;
				GCC_WARN_64_TO_32_BIT_CONVERSION = YES;
				GCC_WARN_ABOUT_RETURN_TYPE = YES_ERROR;
				GCC_WARN_UNDECLARED_SELECTOR = YES;
				GCC_WARN_UNINITIALIZED_AUTOS = YES_AGGRESSIVE;
				GCC_WARN_UNUSED_FUNCTION = YES;
				GCC_WARN_UNUSED_VARIABLE = YES;
				LOCALIZATION_PREFERS_STRING_CATALOGS = YES;
				MACOSX_DEPLOYMENT_TARGET = 14.5;
				MTL_ENABLE_DEBUG_INFO = NO;
				MTL_FAST_MATH = YES;
				SDKROOT = macosx;
			};
			name = Release;
		};
		44915FC62CD3AB0300B86BE8 /* Debug */ = {
			isa = XCBuildConfiguration;
			buildSettings = {
				CODE_SIGN_STYLE = Automatic;
				PRODUCT_NAME = "$(TARGET_NAME)";
			};
			name = Debug;
		};
		44915FC72CD3AB0300B86BE8 /* Release */ = {
			isa = XCBuildConfiguration;
			buildSettings = {
				CODE_SIGN_STYLE = Automatic;
				PRODUCT_NAME = "$(TARGET_NAME)";
			};
			name = Release;
		};
/* End XCBuildConfiguration section */

/* Begin XCConfigurationList section */
		44915FB92CD3AB0300B86BE8 /* Build configuration list for PBXProject "cv06_store" */ = {
			isa = XCConfigurationList;
			buildConfigurations = (
				44915FC32CD3AB0300B86BE8 /* Debug */,
				44915FC42CD3AB0300B86BE8 /* Release */,
			);
			defaultConfigurationIsVisible = 0;
			defaultConfigurationName = Release;
		};
		44915FC52CD3AB0300B86BE8 /* Build configuration list for PBXNativeTarget "cv06_store" */ = {
			isa = XCConfigurationList;
			buildConfigurations = (
				44915FC62CD3AB0300B86BE8 /* Debug */,
				44915FC72CD3AB0300B86BE8 /* Release */,
			);
			defaultConfigurationIsVisible = 0;
			defaultConfigurationName = Release;
		};
/* End XCConfigurationList section */
	};
	rootObject = 44915FB62CD3AB0300B86BE8 /* Project object */;
}
